
Microsoft Visual Studio Solution File, Format Version 12.00
# Visual Studio 15
VisualStudioVersion = 15.0.27004.2002
MinimumVisualStudioVersion = 10.0.40219.1
Project("{9A19103F-16F7-4668-BE54-9A1E7A4F7556}") = "PR2_Level_Generator", "PR2_Level_Generator\PR2_Level_Generator.csproj", "{BE32BC90-9145-4B31-BC75-3844CD893F28}"
EndProject
Project("{9A19103F-16F7-4668-BE54-9A1E7A4F7556}") = "LevelGenBot", "LevelGenBot\LevelGenBot.csproj", "{B6906AA5-E44C-4561-939A-886771987DC2}"
	ProjectSection(ProjectDependencies) = postProject
		{BE32BC90-9145-4B31-BC75-3844CD893F28} = {BE32BC90-9145-4B31-BC75-3844CD893F28}
	EndProjectSection
EndProject
Global
	GlobalSection(SolutionConfigurationPlatforms) = preSolution
		Debug|Any CPU = Debug|Any CPU
		Release|Any CPU = Release|Any CPU
	EndGlobalSection
	GlobalSection(ProjectConfigurationPlatforms) = postSolution
		{BE32BC90-9145-4B31-BC75-3844CD893F28}.Debug|Any CPU.ActiveCfg = Debug|Any CPU
		{BE32BC90-9145-4B31-BC75-3844CD893F28}.Debug|Any CPU.Build.0 = Debug|Any CPU
		{BE32BC90-9145-4B31-BC75-3844CD893F28}.Release|Any CPU.ActiveCfg = Release|Any CPU
		{BE32BC90-9145-4B31-BC75-3844CD893F28}.Release|Any CPU.Build.0 = Release|Any CPU
		{B6906AA5-E44C-4561-939A-886771987DC2}.Debug|Any CPU.ActiveCfg = Debug|Any CPU
		{B6906AA5-E44C-4561-939A-886771987DC2}.Debug|Any CPU.Build.0 = Debug|Any CPU
		{B6906AA5-E44C-4561-939A-886771987DC2}.Release|Any CPU.ActiveCfg = Release|Any CPU
		{B6906AA5-E44C-4561-939A-886771987DC2}.Release|Any CPU.Build.0 = Release|Any CPU
	EndGlobalSection
	GlobalSection(SolutionProperties) = preSolution
		HideSolutionNode = FALSE
	EndGlobalSection
	GlobalSection(ExtensibilityGlobals) = postSolution
		SolutionGuid = {20CE3AAF-1E3E-4638-8021-48E19340B251}
	EndGlobalSection
EndGlobal
